
Microsoft Visual Studio Solution File, Format Version 12.00
# Visual Studio Version 17
VisualStudioVersion = 17.2.32630.192
MinimumVisualStudioVersion = 10.0.40219.1
Project("{FAE04EC0-301F-11D3-BF4B-00C04F79EFBC}") = "Hot Chile Restaurant", "Hot Chile Restaurant.csproj", "{185617AB-420B-44F5-AF3F-48C614AD7B55}"
EndProject
Project("{2150E333-8FDC-42A3-9474-1A3956D46DE8}") = "Solution Items", "Solution Items", "{FCC013C5-E50B-4EC5-9F8E-61B2806BA498}"
	ProjectSection(SolutionItems) = preProject
		.editorconfig = .editorconfig
	EndProjectSection
EndProject
Global
	GlobalSection(SolutionConfigurationPlatforms) = preSolution
		Debug|Any CPU = Debug|Any CPU
		Debug|x64 = Debug|x64
		Debug|x86 = Debug|x86
		Release|Any CPU = Release|Any CPU
		Release|x64 = Release|x64
		Release|x86 = Release|x86
	EndGlobalSection
	GlobalSection(ProjectConfigurationPlatforms) = postSolution
		{185617AB-420B-44F5-AF3F-48C614AD7B55}.Debug|Any CPU.ActiveCfg = Debug|Any CPU
		{185617AB-420B-44F5-AF3F-48C614AD7B55}.Debug|Any CPU.Build.0 = Debug|Any CPU
		{185617AB-420B-44F5-AF3F-48C614AD7B55}.Debug|x64.ActiveCfg = Debug|x64
		{185617AB-420B-44F5-AF3F-48C614AD7B55}.Debug|x64.Build.0 = Debug|x64
		{185617AB-420B-44F5-AF3F-48C614AD7B55}.Debug|x86.ActiveCfg = Debug|x86
		{185617AB-420B-44F5-AF3F-48C614AD7B55}.Debug|x86.Build.0 = Debug|x86
		{185617AB-420B-44F5-AF3F-48C614AD7B55}.Release|Any CPU.ActiveCfg = Release|Any CPU
		{185617AB-420B-44F5-AF3F-48C614AD7B55}.Release|Any CPU.Build.0 = Release|Any CPU
		{185617AB-420B-44F5-AF3F-48C614AD7B55}.Release|x64.ActiveCfg = Release|x64
		{185617AB-420B-44F5-AF3F-48C614AD7B55}.Release|x64.Build.0 = Release|x64
		{185617AB-420B-44F5-AF3F-48C614AD7B55}.Release|x86.ActiveCfg = Release|x86
		{185617AB-420B-44F5-AF3F-48C614AD7B55}.Release|x86.Build.0 = Release|x86
	EndGlobalSection
	GlobalSection(SolutionProperties) = preSolution
		HideSolutionNode = FALSE
	EndGlobalSection
	GlobalSection(ExtensibilityGlobals) = postSolution
		SolutionGuid = {2074B168-3003-4DFC-8F90-A3B63C33CF8E}
	EndGlobalSection
EndGlobal
